// !$*UTF8*$!
{
	archiveVersion = 1;
	classes = {
	};
	objectVersion = 55;
	objects = {

/* Begin PBXBuildFile section */
		8607123128685D8B00E54209 /* Globals.swift in Sources */ = {isa = PBXBuildFile; fileRef = 8607123028685D8B00E54209 /* Globals.swift */; };
		860712332868604300E54209 /* ReferenceType.swift in Sources */ = {isa = PBXBuildFile; fileRef = 860712322868604300E54209 /* ReferenceType.swift */; };
		8607123628686CA000E54209 /* MockRecord.swift in Sources */ = {isa = PBXBuildFile; fileRef = 8607123528686CA000E54209 /* MockRecord.swift */; };
		8607123828686CB900E54209 /* MockSongDatabase.swift in Sources */ = {isa = PBXBuildFile; fileRef = 8607123728686CB900E54209 /* MockSongDatabase.swift */; };
		8607123A28686D0400E54209 /* MockReference.swift in Sources */ = {isa = PBXBuildFile; fileRef = 8607123928686D0400E54209 /* MockReference.swift */; };
		8656A30C28679BC00013F595 /* CKDatabase+Extensions.swift in Sources */ = {isa = PBXBuildFile; fileRef = 8656A30B28679BC00013F595 /* CKDatabase+Extensions.swift */; };
		8656A30F28679BFE0013F595 /* DatabaseType.swift in Sources */ = {isa = PBXBuildFile; fileRef = 8656A30E28679BFE0013F595 /* DatabaseType.swift */; };
		8656A31128679C540013F595 /* RecordType.swift in Sources */ = {isa = PBXBuildFile; fileRef = 8656A31028679C540013F595 /* RecordType.swift */; };
		8656A31328679C880013F595 /* CKRecord+Extensions.swift in Sources */ = {isa = PBXBuildFile; fileRef = 8656A31228679C880013F595 /* CKRecord+Extensions.swift */; };
		8656A31528679CE50013F595 /* CKQuery+Extensions.swift in Sources */ = {isa = PBXBuildFile; fileRef = 8656A31428679CE40013F595 /* CKQuery+Extensions.swift */; };
		8656A31728679D960013F595 /* ConvenienceEnums.swift in Sources */ = {isa = PBXBuildFile; fileRef = 8656A31628679D960013F595 /* ConvenienceEnums.swift */; };
		866863ED2865EB6200510DDF /* DylanApp.swift in Sources */ = {isa = PBXBuildFile; fileRef = 866863EC2865EB6200510DDF /* DylanApp.swift */; };
		866863EF2865EB6200510DDF /* ContentView.swift in Sources */ = {isa = PBXBuildFile; fileRef = 866863EE2865EB6200510DDF /* ContentView.swift */; };
		866863F12865EB6400510DDF /* Assets.xcassets in Resources */ = {isa = PBXBuildFile; fileRef = 866863F02865EB6400510DDF /* Assets.xcassets */; };
		866863F42865EB6400510DDF /* Preview Assets.xcassets in Resources */ = {isa = PBXBuildFile; fileRef = 866863F32865EB6400510DDF /* Preview Assets.xcassets */; };
		866863FD2865EC0500510DDF /* CloudKit.framework in Frameworks */ = {isa = PBXBuildFile; fileRef = 866863FC2865EC0500510DDF /* CloudKit.framework */; };
		866864002865ED3800510DDF /* Song.swift in Sources */ = {isa = PBXBuildFile; fileRef = 866863FF2865ED3800510DDF /* Song.swift */; };
		866864042865ED8300510DDF /* Album.swift in Sources */ = {isa = PBXBuildFile; fileRef = 866864032865ED8300510DDF /* Album.swift */; };
		866864062865EDD700510DDF /* Performance.swift in Sources */ = {isa = PBXBuildFile; fileRef = 866864052865EDD700510DDF /* Performance.swift */; };
		8668641028662E2B00510DDF /* DylanTests.swift in Sources */ = {isa = PBXBuildFile; fileRef = 8668640F28662E2B00510DDF /* DylanTests.swift */; };
		8668641728662F0F00510DDF /* DummyModel.swift in Sources */ = {isa = PBXBuildFile; fileRef = 8668641628662F0F00510DDF /* DummyModel.swift */; };
		86686419286631B500510DDF /* Detective.swift in Sources */ = {isa = PBXBuildFile; fileRef = 86686418286631B400510DDF /* Detective.swift */; };
		8668641C286709FB00510DDF /* CloudKitManager.swift in Sources */ = {isa = PBXBuildFile; fileRef = 8668641B286709FB00510DDF /* CloudKitManager.swift */; };
		8668641E28670A9800510DDF /* SongDisplayModel.swift in Sources */ = {isa = PBXBuildFile; fileRef = 8668641D28670A9800510DDF /* SongDisplayModel.swift */; };
		8678FD2F2869AC8B00DF1E69 /* CloudKitManager+Albums.swift in Sources */ = {isa = PBXBuildFile; fileRef = 8678FD2E2869AC8B00DF1E69 /* CloudKitManager+Albums.swift */; };
		8678FD312869F76700DF1E69 /* Localizable.strings in Resources */ = {isa = PBXBuildFile; fileRef = 8678FD302869F76700DF1E69 /* Localizable.strings */; };
		8678FD362869FABE00DF1E69 /* NSTextFieldRepresentable.swift in Sources */ = {isa = PBXBuildFile; fileRef = 8678FD352869FABE00DF1E69 /* NSTextFieldRepresentable.swift */; };
/* End PBXBuildFile section */

/* Begin PBXContainerItemProxy section */
		8668641128662E2B00510DDF /* PBXContainerItemProxy */ = {
			isa = PBXContainerItemProxy;
			containerPortal = 866863E12865EB6200510DDF /* Project object */;
			proxyType = 1;
			remoteGlobalIDString = 866863E82865EB6200510DDF;
			remoteInfo = Dylan;
		};
/* End PBXContainerItemProxy section */

/* Begin PBXFileReference section */
		8607123028685D8B00E54209 /* Globals.swift */ = {isa = PBXFileReference; lastKnownFileType = sourcecode.swift; path = Globals.swift; sourceTree = "<group>"; };
		860712322868604300E54209 /* ReferenceType.swift */ = {isa = PBXFileReference; lastKnownFileType = sourcecode.swift; path = ReferenceType.swift; sourceTree = "<group>"; };
		8607123528686CA000E54209 /* MockRecord.swift */ = {isa = PBXFileReference; lastKnownFileType = sourcecode.swift; path = MockRecord.swift; sourceTree = "<group>"; };
		8607123728686CB900E54209 /* MockSongDatabase.swift */ = {isa = PBXFileReference; lastKnownFileType = sourcecode.swift; path = MockSongDatabase.swift; sourceTree = "<group>"; };
		8607123928686D0400E54209 /* MockReference.swift */ = {isa = PBXFileReference; lastKnownFileType = sourcecode.swift; path = MockReference.swift; sourceTree = "<group>"; };
		8656A30B28679BC00013F595 /* CKDatabase+Extensions.swift */ = {isa = PBXFileReference; lastKnownFileType = sourcecode.swift; path = "CKDatabase+Extensions.swift"; sourceTree = "<group>"; };
		8656A30E28679BFE0013F595 /* DatabaseType.swift */ = {isa = PBXFileReference; lastKnownFileType = sourcecode.swift; path = DatabaseType.swift; sourceTree = "<group>"; };
		8656A31028679C540013F595 /* RecordType.swift */ = {isa = PBXFileReference; lastKnownFileType = sourcecode.swift; path = RecordType.swift; sourceTree = "<group>"; };
		8656A31228679C880013F595 /* CKRecord+Extensions.swift */ = {isa = PBXFileReference; lastKnownFileType = sourcecode.swift; path = "CKRecord+Extensions.swift"; sourceTree = "<group>"; };
		8656A31428679CE40013F595 /* CKQuery+Extensions.swift */ = {isa = PBXFileReference; lastKnownFileType = sourcecode.swift; path = "CKQuery+Extensions.swift"; sourceTree = "<group>"; };
		8656A31628679D960013F595 /* ConvenienceEnums.swift */ = {isa = PBXFileReference; lastKnownFileType = sourcecode.swift; path = ConvenienceEnums.swift; sourceTree = "<group>"; };
		866863E92865EB6200510DDF /* Dylan.app */ = {isa = PBXFileReference; explicitFileType = wrapper.application; includeInIndex = 0; path = Dylan.app; sourceTree = BUILT_PRODUCTS_DIR; };
		866863EC2865EB6200510DDF /* DylanApp.swift */ = {isa = PBXFileReference; lastKnownFileType = sourcecode.swift; path = DylanApp.swift; sourceTree = "<group>"; };
		866863EE2865EB6200510DDF /* ContentView.swift */ = {isa = PBXFileReference; lastKnownFileType = sourcecode.swift; path = ContentView.swift; sourceTree = "<group>"; };
		866863F02865EB6400510DDF /* Assets.xcassets */ = {isa = PBXFileReference; lastKnownFileType = folder.assetcatalog; path = Assets.xcassets; sourceTree = "<group>"; };
		866863F32865EB6400510DDF /* Preview Assets.xcassets */ = {isa = PBXFileReference; lastKnownFileType = folder.assetcatalog; path = "Preview Assets.xcassets"; sourceTree = "<group>"; };
		866863F52865EB6400510DDF /* Dylan.entitlements */ = {isa = PBXFileReference; lastKnownFileType = text.plist.entitlements; path = Dylan.entitlements; sourceTree = "<group>"; };
		866863FC2865EC0500510DDF /* CloudKit.framework */ = {isa = PBXFileReference; lastKnownFileType = wrapper.framework; name = CloudKit.framework; path = System/Library/Frameworks/CloudKit.framework; sourceTree = SDKROOT; };
		866863FF2865ED3800510DDF /* Song.swift */ = {isa = PBXFileReference; lastKnownFileType = sourcecode.swift; path = Song.swift; sourceTree = "<group>"; };
		866864032865ED8300510DDF /* Album.swift */ = {isa = PBXFileReference; lastKnownFileType = sourcecode.swift; path = Album.swift; sourceTree = "<group>"; };
		866864052865EDD700510DDF /* Performance.swift */ = {isa = PBXFileReference; lastKnownFileType = sourcecode.swift; path = Performance.swift; sourceTree = "<group>"; };
		8668640D28662E2B00510DDF /* DylanTests.xctest */ = {isa = PBXFileReference; explicitFileType = wrapper.cfbundle; includeInIndex = 0; path = DylanTests.xctest; sourceTree = BUILT_PRODUCTS_DIR; };
		8668640F28662E2B00510DDF /* DylanTests.swift */ = {isa = PBXFileReference; lastKnownFileType = sourcecode.swift; path = DylanTests.swift; sourceTree = "<group>"; };
		8668641628662F0F00510DDF /* DummyModel.swift */ = {isa = PBXFileReference; lastKnownFileType = sourcecode.swift; path = DummyModel.swift; sourceTree = "<group>"; };
		86686418286631B400510DDF /* Detective.swift */ = {isa = PBXFileReference; lastKnownFileType = sourcecode.swift; path = Detective.swift; sourceTree = "<group>"; };
		8668641B286709FB00510DDF /* CloudKitManager.swift */ = {isa = PBXFileReference; lastKnownFileType = sourcecode.swift; path = CloudKitManager.swift; sourceTree = "<group>"; };
		8668641D28670A9800510DDF /* SongDisplayModel.swift */ = {isa = PBXFileReference; lastKnownFileType = sourcecode.swift; path = SongDisplayModel.swift; sourceTree = "<group>"; };
		8678FD2E2869AC8B00DF1E69 /* CloudKitManager+Albums.swift */ = {isa = PBXFileReference; lastKnownFileType = sourcecode.swift; path = "CloudKitManager+Albums.swift"; sourceTree = "<group>"; };
		8678FD302869F76700DF1E69 /* Localizable.strings */ = {isa = PBXFileReference; lastKnownFileType = text.plist.strings; path = Localizable.strings; sourceTree = "<group>"; };
		8678FD352869FABE00DF1E69 /* NSTextFieldRepresentable.swift */ = {isa = PBXFileReference; lastKnownFileType = sourcecode.swift; name = NSTextFieldRepresentable.swift; path = ../../../../NSTextFieldRepresentable.swift; sourceTree = "<group>"; };
/* End PBXFileReference section */

/* Begin PBXFrameworksBuildPhase section */
		866863E62865EB6200510DDF /* Frameworks */ = {
			isa = PBXFrameworksBuildPhase;
			buildActionMask = 2147483647;
			files = (
				866863FD2865EC0500510DDF /* CloudKit.framework in Frameworks */,
			);
			runOnlyForDeploymentPostprocessing = 0;
		};
		8668640A28662E2B00510DDF /* Frameworks */ = {
			isa = PBXFrameworksBuildPhase;
			buildActionMask = 2147483647;
			files = (
			);
			runOnlyForDeploymentPostprocessing = 0;
		};
/* End PBXFrameworksBuildPhase section */

/* Begin PBXGroup section */
		8607123428686C9300E54209 /* Mocking */ = {
			isa = PBXGroup;
			children = (
				8607123528686CA000E54209 /* MockRecord.swift */,
				8607123728686CB900E54209 /* MockSongDatabase.swift */,
				8607123928686D0400E54209 /* MockReference.swift */,
			);
			path = Mocking;
			sourceTree = "<group>";
		};
		8656A30A28679BA50013F595 /* Extensions */ = {
			isa = PBXGroup;
			children = (
				8656A30B28679BC00013F595 /* CKDatabase+Extensions.swift */,
				8656A31228679C880013F595 /* CKRecord+Extensions.swift */,
				8656A31428679CE40013F595 /* CKQuery+Extensions.swift */,
			);
			path = Extensions;
			sourceTree = "<group>";
		};
		8656A30D28679BE60013F595 /* Protocols */ = {
			isa = PBXGroup;
			children = (
				8656A30E28679BFE0013F595 /* DatabaseType.swift */,
				8656A31028679C540013F595 /* RecordType.swift */,
				860712322868604300E54209 /* ReferenceType.swift */,
			);
			path = Protocols;
			sourceTree = "<group>";
		};
		866863E02865EB6200510DDF = {
			isa = PBXGroup;
			children = (
				866863EB2865EB6200510DDF /* Dylan */,
				8668640E28662E2B00510DDF /* DylanTests */,
				866863EA2865EB6200510DDF /* Products */,
				866863FB2865EC0500510DDF /* Frameworks */,
			);
			sourceTree = "<group>";
		};
		866863EA2865EB6200510DDF /* Products */ = {
			isa = PBXGroup;
			children = (
				866863E92865EB6200510DDF /* Dylan.app */,
				8668640D28662E2B00510DDF /* DylanTests.xctest */,
			);
			name = Products;
			sourceTree = "<group>";
		};
		866863EB2865EB6200510DDF /* Dylan */ = {
			isa = PBXGroup;
			children = (
				8678FD322869FA6200DF1E69 /* Views */,
				8656A30D28679BE60013F595 /* Protocols */,
				8656A30A28679BA50013F595 /* Extensions */,
				8668641A286709ED00510DDF /* CloudKit */,
				866863FE2865ED1100510DDF /* Models */,
				866863EC2865EB6200510DDF /* DylanApp.swift */,
				8678FD302869F76700DF1E69 /* Localizable.strings */,
				866863F02865EB6400510DDF /* Assets.xcassets */,
				866863F52865EB6400510DDF /* Dylan.entitlements */,
				866863F22865EB6400510DDF /* Preview Content */,
			);
			path = Dylan;
			sourceTree = "<group>";
		};
		866863F22865EB6400510DDF /* Preview Content */ = {
			isa = PBXGroup;
			children = (
				866863F32865EB6400510DDF /* Preview Assets.xcassets */,
			);
			path = "Preview Content";
			sourceTree = "<group>";
		};
		866863FB2865EC0500510DDF /* Frameworks */ = {
			isa = PBXGroup;
			children = (
				866863FC2865EC0500510DDF /* CloudKit.framework */,
			);
			name = Frameworks;
			sourceTree = "<group>";
		};
		866863FE2865ED1100510DDF /* Models */ = {
			isa = PBXGroup;
			children = (
				8607123028685D8B00E54209 /* Globals.swift */,
				866863FF2865ED3800510DDF /* Song.swift */,
				8668641D28670A9800510DDF /* SongDisplayModel.swift */,
				866864032865ED8300510DDF /* Album.swift */,
				866864052865EDD700510DDF /* Performance.swift */,
				86686418286631B400510DDF /* Detective.swift */,
				8656A31628679D960013F595 /* ConvenienceEnums.swift */,
			);
			path = Models;
			sourceTree = "<group>";
		};
		8668640E28662E2B00510DDF /* DylanTests */ = {
			isa = PBXGroup;
			children = (
				8607123428686C9300E54209 /* Mocking */,
				8668640F28662E2B00510DDF /* DylanTests.swift */,
				8668641628662F0F00510DDF /* DummyModel.swift */,
			);
			path = DylanTests;
			sourceTree = "<group>";
		};
		8668641A286709ED00510DDF /* CloudKit */ = {
			isa = PBXGroup;
			children = (
				8668641B286709FB00510DDF /* CloudKitManager.swift */,
				8678FD2E2869AC8B00DF1E69 /* CloudKitManager+Albums.swift */,
			);
			path = CloudKit;
			sourceTree = "<group>";
		};
		8678FD322869FA6200DF1E69 /* Views */ = {
			isa = PBXGroup;
			children = (
				8678FD342869FA7200DF1E69 /* Components */,
				8678FD332869FA6700DF1E69 /* Screens */,
			);
			path = Views;
			sourceTree = "<group>";
		};
		8678FD332869FA6700DF1E69 /* Screens */ = {
			isa = PBXGroup;
			children = (
				866863EE2865EB6200510DDF /* ContentView.swift */,
			);
			path = Screens;
			sourceTree = "<group>";
		};
		8678FD342869FA7200DF1E69 /* Components */ = {
			isa = PBXGroup;
			children = (
				8678FD352869FABE00DF1E69 /* NSTextFieldRepresentable.swift */,
			);
			path = Components;
			sourceTree = "<group>";
		};
/* End PBXGroup section */

/* Begin PBXNativeTarget section */
		866863E82865EB6200510DDF /* Dylan */ = {
			isa = PBXNativeTarget;
			buildConfigurationList = 866863F82865EB6400510DDF /* Build configuration list for PBXNativeTarget "Dylan" */;
			buildPhases = (
				866863E52865EB6200510DDF /* Sources */,
				866863E62865EB6200510DDF /* Frameworks */,
				866863E72865EB6200510DDF /* Resources */,
			);
			buildRules = (
			);
			dependencies = (
			);
			name = Dylan;
			productName = Dylan;
			productReference = 866863E92865EB6200510DDF /* Dylan.app */;
			productType = "com.apple.product-type.application";
		};
		8668640C28662E2B00510DDF /* DylanTests */ = {
			isa = PBXNativeTarget;
			buildConfigurationList = 8668641328662E2B00510DDF /* Build configuration list for PBXNativeTarget "DylanTests" */;
			buildPhases = (
				8668640928662E2B00510DDF /* Sources */,
				8668640A28662E2B00510DDF /* Frameworks */,
				8668640B28662E2B00510DDF /* Resources */,
			);
			buildRules = (
			);
			dependencies = (
				8668641228662E2B00510DDF /* PBXTargetDependency */,
			);
			name = DylanTests;
			productName = DylanTests;
			productReference = 8668640D28662E2B00510DDF /* DylanTests.xctest */;
			productType = "com.apple.product-type.bundle.unit-test";
		};
/* End PBXNativeTarget section */

/* Begin PBXProject section */
		866863E12865EB6200510DDF /* Project object */ = {
			isa = PBXProject;
			attributes = {
				BuildIndependentTargetsInParallel = 1;
				LastSwiftUpdateCheck = 1320;
				LastUpgradeCheck = 1400;
				TargetAttributes = {
					866863E82865EB6200510DDF = {
						CreatedOnToolsVersion = 13.2;
					};
					8668640C28662E2B00510DDF = {
						CreatedOnToolsVersion = 13.2;
						TestTargetID = 866863E82865EB6200510DDF;
					};
				};
			};
			buildConfigurationList = 866863E42865EB6200510DDF /* Build configuration list for PBXProject "Dylan" */;
			compatibilityVersion = "Xcode 13.0";
			developmentRegion = en;
			hasScannedForEncodings = 0;
			knownRegions = (
				en,
				Base,
			);
			mainGroup = 866863E02865EB6200510DDF;
			productRefGroup = 866863EA2865EB6200510DDF /* Products */;
			projectDirPath = "";
			projectRoot = "";
			targets = (
				866863E82865EB6200510DDF /* Dylan */,
				8668640C28662E2B00510DDF /* DylanTests */,
			);
		};
/* End PBXProject section */

/* Begin PBXResourcesBuildPhase section */
		866863E72865EB6200510DDF /* Resources */ = {
			isa = PBXResourcesBuildPhase;
			buildActionMask = 2147483647;
			files = (
				866863F42865EB6400510DDF /* Preview Assets.xcassets in Resources */,
				8678FD312869F76700DF1E69 /* Localizable.strings in Resources */,
				866863F12865EB6400510DDF /* Assets.xcassets in Resources */,
			);
			runOnlyForDeploymentPostprocessing = 0;
		};
		8668640B28662E2B00510DDF /* Resources */ = {
			isa = PBXResourcesBuildPhase;
			buildActionMask = 2147483647;
			files = (
			);
			runOnlyForDeploymentPostprocessing = 0;
		};
/* End PBXResourcesBuildPhase section */

/* Begin PBXSourcesBuildPhase section */
		866863E52865EB6200510DDF /* Sources */ = {
			isa = PBXSourcesBuildPhase;
			buildActionMask = 2147483647;
			files = (
				8656A31728679D960013F595 /* ConvenienceEnums.swift in Sources */,
				866864062865EDD700510DDF /* Performance.swift in Sources */,
				86686419286631B500510DDF /* Detective.swift in Sources */,
				8678FD362869FABE00DF1E69 /* NSTextFieldRepresentable.swift in Sources */,
				8656A30F28679BFE0013F595 /* DatabaseType.swift in Sources */,
				866864002865ED3800510DDF /* Song.swift in Sources */,
				8656A31328679C880013F595 /* CKRecord+Extensions.swift in Sources */,
				8656A30C28679BC00013F595 /* CKDatabase+Extensions.swift in Sources */,
				866863EF2865EB6200510DDF /* ContentView.swift in Sources */,
				8607123128685D8B00E54209 /* Globals.swift in Sources */,
				8668641C286709FB00510DDF /* CloudKitManager.swift in Sources */,
				866863ED2865EB6200510DDF /* DylanApp.swift in Sources */,
				8678FD2F2869AC8B00DF1E69 /* CloudKitManager+Albums.swift in Sources */,
				8656A31528679CE50013F595 /* CKQuery+Extensions.swift in Sources */,
				866864042865ED8300510DDF /* Album.swift in Sources */,
				8668641E28670A9800510DDF /* SongDisplayModel.swift in Sources */,
				8656A31128679C540013F595 /* RecordType.swift in Sources */,
				860712332868604300E54209 /* ReferenceType.swift in Sources */,
			);
			runOnlyForDeploymentPostprocessing = 0;
		};
		8668640928662E2B00510DDF /* Sources */ = {
			isa = PBXSourcesBuildPhase;
			buildActionMask = 2147483647;
			files = (
				8607123628686CA000E54209 /* MockRecord.swift in Sources */,
				8607123A28686D0400E54209 /* MockReference.swift in Sources */,
				8607123828686CB900E54209 /* MockSongDatabase.swift in Sources */,
				8668641728662F0F00510DDF /* DummyModel.swift in Sources */,
				8668641028662E2B00510DDF /* DylanTests.swift in Sources */,
			);
			runOnlyForDeploymentPostprocessing = 0;
		};
/* End PBXSourcesBuildPhase section */

/* Begin PBXTargetDependency section */
		8668641228662E2B00510DDF /* PBXTargetDependency */ = {
			isa = PBXTargetDependency;
			target = 866863E82865EB6200510DDF /* Dylan */;
			targetProxy = 8668641128662E2B00510DDF /* PBXContainerItemProxy */;
		};
/* End PBXTargetDependency section */

/* Begin XCBuildConfiguration section */
		866863F62865EB6400510DDF /* Debug */ = {
			isa = XCBuildConfiguration;
			buildSettings = {
				ALWAYS_SEARCH_USER_PATHS = NO;
				CLANG_ANALYZER_NONNULL = YES;
				CLANG_ANALYZER_NUMBER_OBJECT_CONVERSION = YES_AGGRESSIVE;
				CLANG_CXX_LANGUAGE_STANDARD = "gnu++17";
				CLANG_CXX_LIBRARY = "libc++";
				CLANG_ENABLE_MODULES = YES;
				CLANG_ENABLE_OBJC_ARC = YES;
				CLANG_ENABLE_OBJC_WEAK = YES;
				CLANG_WARN_BLOCK_CAPTURE_AUTORELEASING = YES;
				CLANG_WARN_BOOL_CONVERSION = YES;
				CLANG_WARN_COMMA = YES;
				CLANG_WARN_CONSTANT_CONVERSION = YES;
				CLANG_WARN_DEPRECATED_OBJC_IMPLEMENTATIONS = YES;
				CLANG_WARN_DIRECT_OBJC_ISA_USAGE = YES_ERROR;
				CLANG_WARN_DOCUMENTATION_COMMENTS = YES;
				CLANG_WARN_EMPTY_BODY = YES;
				CLANG_WARN_ENUM_CONVERSION = YES;
				CLANG_WARN_INFINITE_RECURSION = YES;
				CLANG_WARN_INT_CONVERSION = YES;
				CLANG_WARN_NON_LITERAL_NULL_CONVERSION = YES;
				CLANG_WARN_OBJC_IMPLICIT_RETAIN_SELF = YES;
				CLANG_WARN_OBJC_LITERAL_CONVERSION = YES;
				CLANG_WARN_OBJC_ROOT_CLASS = YES_ERROR;
				CLANG_WARN_QUOTED_INCLUDE_IN_FRAMEWORK_HEADER = YES;
				CLANG_WARN_RANGE_LOOP_ANALYSIS = YES;
				CLANG_WARN_STRICT_PROTOTYPES = YES;
				CLANG_WARN_SUSPICIOUS_MOVE = YES;
				CLANG_WARN_UNGUARDED_AVAILABILITY = YES_AGGRESSIVE;
				CLANG_WARN_UNREACHABLE_CODE = YES;
				CLANG_WARN__DUPLICATE_METHOD_MATCH = YES;
				COPY_PHASE_STRIP = NO;
				DEAD_CODE_STRIPPING = YES;
				DEBUG_INFORMATION_FORMAT = dwarf;
				ENABLE_STRICT_OBJC_MSGSEND = YES;
				ENABLE_TESTABILITY = YES;
				GCC_C_LANGUAGE_STANDARD = gnu11;
				GCC_DYNAMIC_NO_PIC = NO;
				GCC_NO_COMMON_BLOCKS = YES;
				GCC_OPTIMIZATION_LEVEL = 0;
				GCC_PREPROCESSOR_DEFINITIONS = (
					"DEBUG=1",
					"$(inherited)",
				);
				GCC_WARN_64_TO_32_BIT_CONVERSION = YES;
				GCC_WARN_ABOUT_RETURN_TYPE = YES_ERROR;
				GCC_WARN_UNDECLARED_SELECTOR = YES;
				GCC_WARN_UNINITIALIZED_AUTOS = YES_AGGRESSIVE;
				GCC_WARN_UNUSED_FUNCTION = YES;
				GCC_WARN_UNUSED_VARIABLE = YES;
				MACOSX_DEPLOYMENT_TARGET = 12.0;
				MTL_ENABLE_DEBUG_INFO = INCLUDE_SOURCE;
				MTL_FAST_MATH = YES;
				ONLY_ACTIVE_ARCH = YES;
				SDKROOT = macosx;
				SWIFT_ACTIVE_COMPILATION_CONDITIONS = DEBUG;
				SWIFT_OPTIMIZATION_LEVEL = "-Onone";
			};
			name = Debug;
		};
		866863F72865EB6400510DDF /* Release */ = {
			isa = XCBuildConfiguration;
			buildSettings = {
				ALWAYS_SEARCH_USER_PATHS = NO;
				CLANG_ANALYZER_NONNULL = YES;
				CLANG_ANALYZER_NUMBER_OBJECT_CONVERSION = YES_AGGRESSIVE;
				CLANG_CXX_LANGUAGE_STANDARD = "gnu++17";
				CLANG_CXX_LIBRARY = "libc++";
				CLANG_ENABLE_MODULES = YES;
				CLANG_ENABLE_OBJC_ARC = YES;
				CLANG_ENABLE_OBJC_WEAK = YES;
				CLANG_WARN_BLOCK_CAPTURE_AUTORELEASING = YES;
				CLANG_WARN_BOOL_CONVERSION = YES;
				CLANG_WARN_COMMA = YES;
				CLANG_WARN_CONSTANT_CONVERSION = YES;
				CLANG_WARN_DEPRECATED_OBJC_IMPLEMENTATIONS = YES;
				CLANG_WARN_DIRECT_OBJC_ISA_USAGE = YES_ERROR;
				CLANG_WARN_DOCUMENTATION_COMMENTS = YES;
				CLANG_WARN_EMPTY_BODY = YES;
				CLANG_WARN_ENUM_CONVERSION = YES;
				CLANG_WARN_INFINITE_RECURSION = YES;
				CLANG_WARN_INT_CONVERSION = YES;
				CLANG_WARN_NON_LITERAL_NULL_CONVERSION = YES;
				CLANG_WARN_OBJC_IMPLICIT_RETAIN_SELF = YES;
				CLANG_WARN_OBJC_LITERAL_CONVERSION = YES;
				CLANG_WARN_OBJC_ROOT_CLASS = YES_ERROR;
				CLANG_WARN_QUOTED_INCLUDE_IN_FRAMEWORK_HEADER = YES;
				CLANG_WARN_RANGE_LOOP_ANALYSIS = YES;
				CLANG_WARN_STRICT_PROTOTYPES = YES;
				CLANG_WARN_SUSPICIOUS_MOVE = YES;
				CLANG_WARN_UNGUARDED_AVAILABILITY = YES_AGGRESSIVE;
				CLANG_WARN_UNREACHABLE_CODE = YES;
				CLANG_WARN__DUPLICATE_METHOD_MATCH = YES;
				COPY_PHASE_STRIP = NO;
				DEAD_CODE_STRIPPING = YES;
				DEBUG_INFORMATION_FORMAT = "dwarf-with-dsym";
				ENABLE_NS_ASSERTIONS = NO;
				ENABLE_STRICT_OBJC_MSGSEND = YES;
				GCC_C_LANGUAGE_STANDARD = gnu11;
				GCC_NO_COMMON_BLOCKS = YES;
				GCC_WARN_64_TO_32_BIT_CONVERSION = YES;
				GCC_WARN_ABOUT_RETURN_TYPE = YES_ERROR;
				GCC_WARN_UNDECLARED_SELECTOR = YES;
				GCC_WARN_UNINITIALIZED_AUTOS = YES_AGGRESSIVE;
				GCC_WARN_UNUSED_FUNCTION = YES;
				GCC_WARN_UNUSED_VARIABLE = YES;
				MACOSX_DEPLOYMENT_TARGET = 12.0;
				MTL_ENABLE_DEBUG_INFO = NO;
				MTL_FAST_MATH = YES;
				SDKROOT = macosx;
				SWIFT_COMPILATION_MODE = wholemodule;
				SWIFT_OPTIMIZATION_LEVEL = "-O";
			};
			name = Release;
		};
		866863F92865EB6400510DDF /* Debug */ = {
			isa = XCBuildConfiguration;
			buildSettings = {
				ASSETCATALOG_COMPILER_APPICON_NAME = AppIcon;
				ASSETCATALOG_COMPILER_GLOBAL_ACCENT_COLOR_NAME = AccentColor;
				CODE_SIGN_ENTITLEMENTS = Dylan/Dylan.entitlements;
				CODE_SIGN_IDENTITY = "Apple Development";
				CODE_SIGN_STYLE = Automatic;
				COMBINE_HIDPI_IMAGES = YES;
				CURRENT_PROJECT_VERSION = 1;
				DEAD_CODE_STRIPPING = YES;
				DEVELOPMENT_ASSET_PATHS = "\"Dylan/Preview Content\"";
				DEVELOPMENT_TEAM = ZUT4ATB28X;
				ENABLE_HARDENED_RUNTIME = YES;
				ENABLE_PREVIEWS = YES;
				GENERATE_INFOPLIST_FILE = YES;
				INFOPLIST_KEY_NSHumanReadableCopyright = "";
				LD_RUNPATH_SEARCH_PATHS = (
					"$(inherited)",
					"@executable_path/../Frameworks",
				);
				MARKETING_VERSION = 1.0;
				PRODUCT_BUNDLE_IDENTIFIER = com.sixeye.Dylan;
				PRODUCT_NAME = "$(TARGET_NAME)";
				PROVISIONING_PROFILE_SPECIFIER = "";
				SWIFT_EMIT_LOC_STRINGS = YES;
				SWIFT_VERSION = 5.0;
			};
			name = Debug;
		};
		866863FA2865EB6400510DDF /* Release */ = {
			isa = XCBuildConfiguration;
			buildSettings = {
				ASSETCATALOG_COMPILER_APPICON_NAME = AppIcon;
				ASSETCATALOG_COMPILER_GLOBAL_ACCENT_COLOR_NAME = AccentColor;
				CODE_SIGN_ENTITLEMENTS = Dylan/Dylan.entitlements;
				CODE_SIGN_IDENTITY = "Apple Development";
				CODE_SIGN_STYLE = Automatic;
				COMBINE_HIDPI_IMAGES = YES;
				CURRENT_PROJECT_VERSION = 1;
				DEAD_CODE_STRIPPING = YES;
				DEVELOPMENT_ASSET_PATHS = "\"Dylan/Preview Content\"";
				DEVELOPMENT_TEAM = ZUT4ATB28X;
				ENABLE_HARDENED_RUNTIME = YES;
				ENABLE_PREVIEWS = YES;
				GENERATE_INFOPLIST_FILE = YES;
				INFOPLIST_KEY_NSHumanReadableCopyright = "";
				LD_RUNPATH_SEARCH_PATHS = (
					"$(inherited)",
					"@executable_path/../Frameworks",
				);
				MARKETING_VERSION = 1.0;
				PRODUCT_BUNDLE_IDENTIFIER = com.sixeye.Dylan;
				PRODUCT_NAME = "$(TARGET_NAME)";
				PROVISIONING_PROFILE_SPECIFIER = "";
				SWIFT_EMIT_LOC_STRINGS = YES;
				SWIFT_VERSION = 5.0;
			};
			name = Release;
		};
		8668641428662E2B00510DDF /* Debug */ = {
			isa = XCBuildConfiguration;
			buildSettings = {
				BUNDLE_LOADER = "$(TEST_HOST)";
				CODE_SIGN_STYLE = Automatic;
				CURRENT_PROJECT_VERSION = 1;
				DEAD_CODE_STRIPPING = YES;
				DEVELOPMENT_TEAM = ZUT4ATB28X;
				GENERATE_INFOPLIST_FILE = YES;
				MARKETING_VERSION = 1.0;
				PRODUCT_BUNDLE_IDENTIFIER = com.sixeye.DylanTests;
				PRODUCT_NAME = "$(TARGET_NAME)";
				SWIFT_EMIT_LOC_STRINGS = NO;
				SWIFT_VERSION = 5.0;
				TEST_HOST = "$(BUILT_PRODUCTS_DIR)/Dylan.app/Contents/MacOS/Dylan";
			};
			name = Debug;
		};
		8668641528662E2B00510DDF /* Release */ = {
			isa = XCBuildConfiguration;
			buildSettings = {
				BUNDLE_LOADER = "$(TEST_HOST)";
				CODE_SIGN_STYLE = Automatic;
				CURRENT_PROJECT_VERSION = 1;
				DEAD_CODE_STRIPPING = YES;
				DEVELOPMENT_TEAM = ZUT4ATB28X;
				GENERATE_INFOPLIST_FILE = YES;
				MARKETING_VERSION = 1.0;
				PRODUCT_BUNDLE_IDENTIFIER = com.sixeye.DylanTests;
				PRODUCT_NAME = "$(TARGET_NAME)";
				SWIFT_EMIT_LOC_STRINGS = NO;
				SWIFT_VERSION = 5.0;
				TEST_HOST = "$(BUILT_PRODUCTS_DIR)/Dylan.app/Contents/MacOS/Dylan";
			};
			name = Release;
		};
/* End XCBuildConfiguration section */

/* Begin XCConfigurationList section */
		866863E42865EB6200510DDF /* Build configuration list for PBXProject "Dylan" */ = {
			isa = XCConfigurationList;
			buildConfigurations = (
				866863F62865EB6400510DDF /* Debug */,
				866863F72865EB6400510DDF /* Release */,
			);
			defaultConfigurationIsVisible = 0;
			defaultConfigurationName = Release;
		};
		866863F82865EB6400510DDF /* Build configuration list for PBXNativeTarget "Dylan" */ = {
			isa = XCConfigurationList;
			buildConfigurations = (
				866863F92865EB6400510DDF /* Debug */,
				866863FA2865EB6400510DDF /* Release */,
			);
			defaultConfigurationIsVisible = 0;
			defaultConfigurationName = Release;
		};
		8668641328662E2B00510DDF /* Build configuration list for PBXNativeTarget "DylanTests" */ = {
			isa = XCConfigurationList;
			buildConfigurations = (
				8668641428662E2B00510DDF /* Debug */,
				8668641528662E2B00510DDF /* Release */,
			);
			defaultConfigurationIsVisible = 0;
			defaultConfigurationName = Release;
		};
/* End XCConfigurationList section */
	};
	rootObject = 866863E12865EB6200510DDF /* Project object */;
}
